{
    "_meta": {
        "hash": {
            "sha256": "48e3c666dee11f2b4134743c0740cf80489f9475c26d03b8bf145ff8d3d2fb1f"
        },
        "pipfile-spec": 6,
        "requires": {
            "python_version": "3.9"
        },
        "sources": [
            {
                "name": "pypi",
                "url": "https://pypi.org/simple",
                "verify_ssl": true
            }
        ]
    },
    "default": {
        "pyroute2": {
            "hashes": [
                "sha256:774c5ecf05fe40f0f601a7ab33c19ca0b24f00bf4a094e58deaa5333b7ca49b5"
            ],
            "index": "pypi",
            "version": "==0.5.14"
        }
    },
    "develop": {}
}
